// !$*UTF8*$!
{
	archiveVersion = 1;
	classes = {
	};
	objectVersion = 56;
	objects = {

/* Begin PBXBuildFile section */
		AC02B2D62C079E3A00B8B061 /* landmarkData.json in Resources */ = {isa = PBXBuildFile; fileRef = AC02B2D52C079E3A00B8B061 /* landmarkData.json */; };
		AC02B2D82C079E7700B8B061 /* Landmark.swift in Sources */ = {isa = PBXBuildFile; fileRef = AC02B2D72C079E7700B8B061 /* Landmark.swift */; };
		AC37AED62B9A2702002962E4 /* demoApp.swift in Sources */ = {isa = PBXBuildFile; fileRef = AC37AED52B9A2702002962E4 /* demoApp.swift */; };
		AC37AED82B9A2702002962E4 /* ContentView.swift in Sources */ = {isa = PBXBuildFile; fileRef = AC37AED72B9A2702002962E4 /* ContentView.swift */; };
		AC37AEDA2B9A2703002962E4 /* Assets.xcassets in Resources */ = {isa = PBXBuildFile; fileRef = AC37AED92B9A2703002962E4 /* Assets.xcassets */; };
		AC37AEDD2B9A2703002962E4 /* Preview Assets.xcassets in Resources */ = {isa = PBXBuildFile; fileRef = AC37AEDC2B9A2703002962E4 /* Preview Assets.xcassets */; };
		AC82A65F2C03203B00D048BC /* CircleImage.swift in Sources */ = {isa = PBXBuildFile; fileRef = AC82A65E2C03203B00D048BC /* CircleImage.swift */; };
		AC82A6612C0326C700D048BC /* MapView.swift in Sources */ = {isa = PBXBuildFile; fileRef = AC82A6602C0326C700D048BC /* MapView.swift */; };
		AC88F16A2C07C04200D061D9 /* ModelData.swift in Sources */ = {isa = PBXBuildFile; fileRef = AC88F1692C07C04200D061D9 /* ModelData.swift */; };
		AC88F16F2C07C18F00D061D9 /* LandmarkRow.swift in Sources */ = {isa = PBXBuildFile; fileRef = AC88F16E2C07C18F00D061D9 /* LandmarkRow.swift */; };
		AC88F1712C07C40D00D061D9 /* LandmarkList.swift in Sources */ = {isa = PBXBuildFile; fileRef = AC88F1702C07C40D00D061D9 /* LandmarkList.swift */; };
		ACFE919B2C13095500BBE077 /* LandmarkDetail.swift in Sources */ = {isa = PBXBuildFile; fileRef = ACFE919A2C13095500BBE077 /* LandmarkDetail.swift */; };
/* End PBXBuildFile section */

/* Begin PBXFileReference section */
		AC02B2D52C079E3A00B8B061 /* landmarkData.json */ = {isa = PBXFileReference; fileEncoding = 4; lastKnownFileType = text.json; name = landmarkData.json; path = demo/Model/Resources/landmarkData.json; sourceTree = SOURCE_ROOT; };
		AC02B2D72C079E7700B8B061 /* Landmark.swift */ = {isa = PBXFileReference; lastKnownFileType = sourcecode.swift; path = Landmark.swift; sourceTree = "<group>"; };
		AC37AED22B9A2702002962E4 /* demo.app */ = {isa = PBXFileReference; explicitFileType = wrapper.application; includeInIndex = 0; path = demo.app; sourceTree = BUILT_PRODUCTS_DIR; };
		AC37AED52B9A2702002962E4 /* demoApp.swift */ = {isa = PBXFileReference; lastKnownFileType = sourcecode.swift; path = demoApp.swift; sourceTree = "<group>"; };
		AC37AED72B9A2702002962E4 /* ContentView.swift */ = {isa = PBXFileReference; lastKnownFileType = sourcecode.swift; path = ContentView.swift; sourceTree = "<group>"; };
		AC37AED92B9A2703002962E4 /* Assets.xcassets */ = {isa = PBXFileReference; lastKnownFileType = folder.assetcatalog; path = Assets.xcassets; sourceTree = "<group>"; };
		AC37AEDC2B9A2703002962E4 /* Preview Assets.xcassets */ = {isa = PBXFileReference; lastKnownFileType = folder.assetcatalog; path = "Preview Assets.xcassets"; sourceTree = "<group>"; };
		AC82A65E2C03203B00D048BC /* CircleImage.swift */ = {isa = PBXFileReference; lastKnownFileType = sourcecode.swift; path = CircleImage.swift; sourceTree = "<group>"; };
		AC82A6602C0326C700D048BC /* MapView.swift */ = {isa = PBXFileReference; lastKnownFileType = sourcecode.swift; path = MapView.swift; sourceTree = "<group>"; };
		AC88F1692C07C04200D061D9 /* ModelData.swift */ = {isa = PBXFileReference; lastKnownFileType = sourcecode.swift; path = ModelData.swift; sourceTree = "<group>"; };
		AC88F16E2C07C18F00D061D9 /* LandmarkRow.swift */ = {isa = PBXFileReference; lastKnownFileType = sourcecode.swift; path = LandmarkRow.swift; sourceTree = "<group>"; };
		AC88F1702C07C40D00D061D9 /* LandmarkList.swift */ = {isa = PBXFileReference; lastKnownFileType = sourcecode.swift; path = LandmarkList.swift; sourceTree = "<group>"; };
		ACFE919A2C13095500BBE077 /* LandmarkDetail.swift */ = {isa = PBXFileReference; lastKnownFileType = sourcecode.swift; path = LandmarkDetail.swift; sourceTree = "<group>"; };
/* End PBXFileReference section */

/* Begin PBXFrameworksBuildPhase section */
		AC37AECF2B9A2702002962E4 /* Frameworks */ = {
			isa = PBXFrameworksBuildPhase;
			buildActionMask = 2147483647;
			files = (
			);
			runOnlyForDeploymentPostprocessing = 0;
		};
/* End PBXFrameworksBuildPhase section */

/* Begin PBXGroup section */
		AC37AEC92B9A2702002962E4 = {
			isa = PBXGroup;
			children = (
				AC37AED42B9A2702002962E4 /* demo */,
				AC37AED32B9A2702002962E4 /* Products */,
			);
			sourceTree = "<group>";
		};
		AC37AED32B9A2702002962E4 /* Products */ = {
			isa = PBXGroup;
			children = (
				AC37AED22B9A2702002962E4 /* demo.app */,
			);
			name = Products;
			sourceTree = "<group>";
		};
		AC37AED42B9A2702002962E4 /* demo */ = {
			isa = PBXGroup;
			children = (
				AC37AED52B9A2702002962E4 /* demoApp.swift */,
				AC88F16B2C07C0C100D061D9 /* views */,
				AC88F16C2C07C0F300D061D9 /* Model */,
				AC37AED92B9A2703002962E4 /* Assets.xcassets */,
				AC37AEDB2B9A2703002962E4 /* Preview Content */,
			);
			path = demo;
			sourceTree = "<group>";
		};
		AC37AEDB2B9A2703002962E4 /* Preview Content */ = {
			isa = PBXGroup;
			children = (
				AC37AEDC2B9A2703002962E4 /* Preview Assets.xcassets */,
			);
			path = "Preview Content";
			sourceTree = "<group>";
		};
		AC88F16B2C07C0C100D061D9 /* views */ = {
			isa = PBXGroup;
			children = (
				AC37AED72B9A2702002962E4 /* ContentView.swift */,
				AC82A6602C0326C700D048BC /* MapView.swift */,
				AC82A65E2C03203B00D048BC /* CircleImage.swift */,
				AC88F16E2C07C18F00D061D9 /* LandmarkRow.swift */,
				AC88F1702C07C40D00D061D9 /* LandmarkList.swift */,
				ACFE919A2C13095500BBE077 /* LandmarkDetail.swift */,
			);
			path = views;
			sourceTree = "<group>";
		};
		AC88F16C2C07C0F300D061D9 /* Model */ = {
			isa = PBXGroup;
			children = (
				AC02B2D72C079E7700B8B061 /* Landmark.swift */,
				AC88F1692C07C04200D061D9 /* ModelData.swift */,
				AC88F16D2C07C11A00D061D9 /* Resources */,
			);
			path = Model;
			sourceTree = "<group>";
		};
		AC88F16D2C07C11A00D061D9 /* Resources */ = {
			isa = PBXGroup;
			children = (
				AC02B2D52C079E3A00B8B061 /* landmarkData.json */,
			);
			path = Resources;
			sourceTree = "<group>";
		};
/* End PBXGroup section */

/* Begin PBXNativeTarget section */
		AC37AED12B9A2702002962E4 /* demo */ = {
			isa = PBXNativeTarget;
			buildConfigurationList = AC37AEE02B9A2703002962E4 /* Build configuration list for PBXNativeTarget "demo" */;
			buildPhases = (
				AC37AECE2B9A2702002962E4 /* Sources */,
				AC37AECF2B9A2702002962E4 /* Frameworks */,
				AC37AED02B9A2702002962E4 /* Resources */,
			);
			buildRules = (
			);
			dependencies = (
			);
			name = demo;
			productName = demo;
			productReference = AC37AED22B9A2702002962E4 /* demo.app */;
			productType = "com.apple.product-type.application";
		};
/* End PBXNativeTarget section */

/* Begin PBXProject section */
		AC37AECA2B9A2702002962E4 /* Project object */ = {
			isa = PBXProject;
			attributes = {
				BuildIndependentTargetsInParallel = 1;
				LastSwiftUpdateCheck = 1530;
				LastUpgradeCheck = 1530;
				TargetAttributes = {
					AC37AED12B9A2702002962E4 = {
						CreatedOnToolsVersion = 15.3;
					};
				};
			};
			buildConfigurationList = AC37AECD2B9A2702002962E4 /* Build configuration list for PBXProject "demo" */;
			compatibilityVersion = "Xcode 14.0";
			developmentRegion = en;
			hasScannedForEncodings = 0;
			knownRegions = (
				en,
				Base,
			);
			mainGroup = AC37AEC92B9A2702002962E4;
			productRefGroup = AC37AED32B9A2702002962E4 /* Products */;
			projectDirPath = "";
			projectRoot = "";
			targets = (
				AC37AED12B9A2702002962E4 /* demo */,
			);
		};
/* End PBXProject section */

/* Begin PBXResourcesBuildPhase section */
		AC37AED02B9A2702002962E4 /* Resources */ = {
			isa = PBXResourcesBuildPhase;
			buildActionMask = 2147483647;
			files = (
				AC37AEDD2B9A2703002962E4 /* Preview Assets.xcassets in Resources */,
				AC37AEDA2B9A2703002962E4 /* Assets.xcassets in Resources */,
				AC02B2D62C079E3A00B8B061 /* landmarkData.json in Resources */,
			);
			runOnlyForDeploymentPostprocessing = 0;
		};
/* End PBXResourcesBuildPhase section */

/* Begin PBXSourcesBuildPhase section */
		AC37AECE2B9A2702002962E4 /* Sources */ = {
			isa = PBXSourcesBuildPhase;
			buildActionMask = 2147483647;
			files = (
				AC37AED82B9A2702002962E4 /* ContentView.swift in Sources */,
				AC82A6612C0326C700D048BC /* MapView.swift in Sources */,
				AC37AED62B9A2702002962E4 /* demoApp.swift in Sources */,
				AC88F1712C07C40D00D061D9 /* LandmarkList.swift in Sources */,
				ACFE919B2C13095500BBE077 /* LandmarkDetail.swift in Sources */,
				AC82A65F2C03203B00D048BC /* CircleImage.swift in Sources */,
				AC02B2D82C079E7700B8B061 /* Landmark.swift in Sources */,
				AC88F16F2C07C18F00D061D9 /* LandmarkRow.swift in Sources */,
				AC88F16A2C07C04200D061D9 /* ModelData.swift in Sources */,
			);
			runOnlyForDeploymentPostprocessing = 0;
		};
/* End PBXSourcesBuildPhase section */

/* Begin XCBuildConfiguration section */
		AC37AEDE2B9A2703002962E4 /* Debug */ = {
			isa = XCBuildConfiguration;
			buildSettings = {
				ALWAYS_SEARCH_USER_PATHS = NO;
				ASSETCATALOG_COMPILER_GENERATE_SWIFT_ASSET_SYMBOL_EXTENSIONS = YES;
				CLANG_ANALYZER_NONNULL = YES;
				CLANG_ANALYZER_NUMBER_OBJECT_CONVERSION = YES_AGGRESSIVE;
				CLANG_CXX_LANGUAGE_STANDARD = "gnu++20";
				CLANG_ENABLE_MODULES = YES;
				CLANG_ENABLE_OBJC_ARC = YES;
				CLANG_ENABLE_OBJC_WEAK = YES;
				CLANG_WARN_BLOCK_CAPTURE_AUTORELEASING = YES;
				CLANG_WARN_BOOL_CONVERSION = YES;
				CLANG_WARN_COMMA = YES;
				CLANG_WARN_CONSTANT_CONVERSION = YES;
				CLANG_WARN_DEPRECATED_OBJC_IMPLEMENTATIONS = YES;
				CLANG_WARN_DIRECT_OBJC_ISA_USAGE = YES_ERROR;
				CLANG_WARN_DOCUMENTATION_COMMENTS = YES;
				CLANG_WARN_EMPTY_BODY = YES;
				CLANG_WARN_ENUM_CONVERSION = YES;
				CLANG_WARN_INFINITE_RECURSION = YES;
				CLANG_WARN_INT_CONVERSION = YES;
				CLANG_WARN_NON_LITERAL_NULL_CONVERSION = YES;
				CLANG_WARN_OBJC_IMPLICIT_RETAIN_SELF = YES;
				CLANG_WARN_OBJC_LITERAL_CONVERSION = YES;
				CLANG_WARN_OBJC_ROOT_CLASS = YES_ERROR;
				CLANG_WARN_QUOTED_INCLUDE_IN_FRAMEWORK_HEADER = YES;
				CLANG_WARN_RANGE_LOOP_ANALYSIS = YES;
				CLANG_WARN_STRICT_PROTOTYPES = YES;
				CLANG_WARN_SUSPICIOUS_MOVE = YES;
				CLANG_WARN_UNGUARDED_AVAILABILITY = YES_AGGRESSIVE;
				CLANG_WARN_UNREACHABLE_CODE = YES;
				CLANG_WARN__DUPLICATE_METHOD_MATCH = YES;
				COPY_PHASE_STRIP = NO;
				DEBUG_INFORMATION_FORMAT = dwarf;
				ENABLE_STRICT_OBJC_MSGSEND = YES;
				ENABLE_TESTABILITY = YES;
				ENABLE_USER_SCRIPT_SANDBOXING = YES;
				GCC_C_LANGUAGE_STANDARD = gnu17;
				GCC_DYNAMIC_NO_PIC = NO;
				GCC_NO_COMMON_BLOCKS = YES;
				GCC_OPTIMIZATION_LEVEL = 0;
				GCC_PREPROCESSOR_DEFINITIONS = (
					"DEBUG=1",
					"$(inherited)",
				);
				GCC_WARN_64_TO_32_BIT_CONVERSION = YES;
				GCC_WARN_ABOUT_RETURN_TYPE = YES_ERROR;
				GCC_WARN_UNDECLARED_SELECTOR = YES;
				GCC_WARN_UNINITIALIZED_AUTOS = YES_AGGRESSIVE;
				GCC_WARN_UNUSED_FUNCTION = YES;
				GCC_WARN_UNUSED_VARIABLE = YES;
				IPHONEOS_DEPLOYMENT_TARGET = 17.4;
				LOCALIZATION_PREFERS_STRING_CATALOGS = YES;
				MTL_ENABLE_DEBUG_INFO = INCLUDE_SOURCE;
				MTL_FAST_MATH = YES;
				ONLY_ACTIVE_ARCH = YES;
				SDKROOT = iphoneos;
				SWIFT_ACTIVE_COMPILATION_CONDITIONS = "DEBUG $(inherited)";
				SWIFT_OPTIMIZATION_LEVEL = "-Onone";
			};
			name = Debug;
		};
		AC37AEDF2B9A2703002962E4 /* Release */ = {
			isa = XCBuildConfiguration;
			buildSettings = {
				ALWAYS_SEARCH_USER_PATHS = NO;
				ASSETCATALOG_COMPILER_GENERATE_SWIFT_ASSET_SYMBOL_EXTENSIONS = YES;
				CLANG_ANALYZER_NONNULL = YES;
				CLANG_ANALYZER_NUMBER_OBJECT_CONVERSION = YES_AGGRESSIVE;
				CLANG_CXX_LANGUAGE_STANDARD = "gnu++20";
				CLANG_ENABLE_MODULES = YES;
				CLANG_ENABLE_OBJC_ARC = YES;
				CLANG_ENABLE_OBJC_WEAK = YES;
				CLANG_WARN_BLOCK_CAPTURE_AUTORELEASING = YES;
				CLANG_WARN_BOOL_CONVERSION = YES;
				CLANG_WARN_COMMA = YES;
				CLANG_WARN_CONSTANT_CONVERSION = YES;
				CLANG_WARN_DEPRECATED_OBJC_IMPLEMENTATIONS = YES;
				CLANG_WARN_DIRECT_OBJC_ISA_USAGE = YES_ERROR;
				CLANG_WARN_DOCUMENTATION_COMMENTS = YES;
				CLANG_WARN_EMPTY_BODY = YES;
				CLANG_WARN_ENUM_CONVERSION = YES;
				CLANG_WARN_INFINITE_RECURSION = YES;
				CLANG_WARN_INT_CONVERSION = YES;
				CLANG_WARN_NON_LITERAL_NULL_CONVERSION = YES;
				CLANG_WARN_OBJC_IMPLICIT_RETAIN_SELF = YES;
				CLANG_WARN_OBJC_LITERAL_CONVERSION = YES;
				CLANG_WARN_OBJC_ROOT_CLASS = YES_ERROR;
				CLANG_WARN_QUOTED_INCLUDE_IN_FRAMEWORK_HEADER = YES;
				CLANG_WARN_RANGE_LOOP_ANALYSIS = YES;
				CLANG_WARN_STRICT_PROTOTYPES = YES;
				CLANG_WARN_SUSPICIOUS_MOVE = YES;
				CLANG_WARN_UNGUARDED_AVAILABILITY = YES_AGGRESSIVE;
				CLANG_WARN_UNREACHABLE_CODE = YES;
				CLANG_WARN__DUPLICATE_METHOD_MATCH = YES;
				COPY_PHASE_STRIP = NO;
				DEBUG_INFORMATION_FORMAT = "dwarf-with-dsym";
				ENABLE_NS_ASSERTIONS = NO;
				ENABLE_STRICT_OBJC_MSGSEND = YES;
				ENABLE_USER_SCRIPT_SANDBOXING = YES;
				GCC_C_LANGUAGE_STANDARD = gnu17;
				GCC_NO_COMMON_BLOCKS = YES;
				GCC_WARN_64_TO_32_BIT_CONVERSION = YES;
				GCC_WARN_ABOUT_RETURN_TYPE = YES_ERROR;
				GCC_WARN_UNDECLARED_SELECTOR = YES;
				GCC_WARN_UNINITIALIZED_AUTOS = YES_AGGRESSIVE;
				GCC_WARN_UNUSED_FUNCTION = YES;
				GCC_WARN_UNUSED_VARIABLE = YES;
				IPHONEOS_DEPLOYMENT_TARGET = 17.4;
				LOCALIZATION_PREFERS_STRING_CATALOGS = YES;
				MTL_ENABLE_DEBUG_INFO = NO;
				MTL_FAST_MATH = YES;
				SDKROOT = iphoneos;
				SWIFT_COMPILATION_MODE = wholemodule;
				VALIDATE_PRODUCT = YES;
			};
			name = Release;
		};
		AC37AEE12B9A2703002962E4 /* Debug */ = {
			isa = XCBuildConfiguration;
			buildSettings = {
				ASSETCATALOG_COMPILER_APPICON_NAME = AppIcon;
				ASSETCATALOG_COMPILER_GLOBAL_ACCENT_COLOR_NAME = AccentColor;
				CODE_SIGN_STYLE = Automatic;
				CURRENT_PROJECT_VERSION = 1;
				DEVELOPMENT_ASSET_PATHS = "\"demo/Preview Content\"";
				ENABLE_PREVIEWS = YES;
				GENERATE_INFOPLIST_FILE = YES;
				INFOPLIST_KEY_UIApplicationSceneManifest_Generation = YES;
				INFOPLIST_KEY_UIApplicationSupportsIndirectInputEvents = YES;
				INFOPLIST_KEY_UILaunchScreen_Generation = YES;
				INFOPLIST_KEY_UISupportedInterfaceOrientations_iPad = "UIInterfaceOrientationPortrait UIInterfaceOrientationPortraitUpsideDown UIInterfaceOrientationLandscapeLeft UIInterfaceOrientationLandscapeRight";
				INFOPLIST_KEY_UISupportedInterfaceOrientations_iPhone = "UIInterfaceOrientationPortrait UIInterfaceOrientationLandscapeLeft UIInterfaceOrientationLandscapeRight";
				LD_RUNPATH_SEARCH_PATHS = (
					"$(inherited)",
					"@executable_path/Frameworks",
				);
				MARKETING_VERSION = 1.0;
				PRODUCT_BUNDLE_IDENTIFIER = com.nachiket.demo;
				PRODUCT_NAME = "$(TARGET_NAME)";
				SWIFT_EMIT_LOC_STRINGS = YES;
				SWIFT_VERSION = 5.0;
				TARGETED_DEVICE_FAMILY = "1,2";
			};
			name = Debug;
		};
		AC37AEE22B9A2703002962E4 /* Release */ = {
			isa = XCBuildConfiguration;
			buildSettings = {
				ASSETCATALOG_COMPILER_APPICON_NAME = AppIcon;
				ASSETCATALOG_COMPILER_GLOBAL_ACCENT_COLOR_NAME = AccentColor;
				CODE_SIGN_STYLE = Automatic;
				CURRENT_PROJECT_VERSION = 1;
				DEVELOPMENT_ASSET_PATHS = "\"demo/Preview Content\"";
				ENABLE_PREVIEWS = YES;
				GENERATE_INFOPLIST_FILE = YES;
				INFOPLIST_KEY_UIApplicationSceneManifest_Generation = YES;
				INFOPLIST_KEY_UIApplicationSupportsIndirectInputEvents = YES;
				INFOPLIST_KEY_UILaunchScreen_Generation = YES;
				INFOPLIST_KEY_UISupportedInterfaceOrientations_iPad = "UIInterfaceOrientationPortrait UIInterfaceOrientationPortraitUpsideDown UIInterfaceOrientationLandscapeLeft UIInterfaceOrientationLandscapeRight";
				INFOPLIST_KEY_UISupportedInterfaceOrientations_iPhone = "UIInterfaceOrientationPortrait UIInterfaceOrientationLandscapeLeft UIInterfaceOrientationLandscapeRight";
				LD_RUNPATH_SEARCH_PATHS = (
					"$(inherited)",
					"@executable_path/Frameworks",
				);
				MARKETING_VERSION = 1.0;
				PRODUCT_BUNDLE_IDENTIFIER = com.nachiket.demo;
				PRODUCT_NAME = "$(TARGET_NAME)";
				SWIFT_EMIT_LOC_STRINGS = YES;
				SWIFT_VERSION = 5.0;
				TARGETED_DEVICE_FAMILY = "1,2";
			};
			name = Release;
		};
/* End XCBuildConfiguration section */

/* Begin XCConfigurationList section */
		AC37AECD2B9A2702002962E4 /* Build configuration list for PBXProject "demo" */ = {
			isa = XCConfigurationList;
			buildConfigurations = (
				AC37AEDE2B9A2703002962E4 /* Debug */,
				AC37AEDF2B9A2703002962E4 /* Release */,
			);
			defaultConfigurationIsVisible = 0;
			defaultConfigurationName = Release;
		};
		AC37AEE02B9A2703002962E4 /* Build configuration list for PBXNativeTarget "demo" */ = {
			isa = XCConfigurationList;
			buildConfigurations = (
				AC37AEE12B9A2703002962E4 /* Debug */,
				AC37AEE22B9A2703002962E4 /* Release */,
			);
			defaultConfigurationIsVisible = 0;
			defaultConfigurationName = Release;
		};
/* End XCConfigurationList section */
	};
	rootObject = AC37AECA2B9A2702002962E4 /* Project object */;
}
